<?xml version="1.0" encoding="UTF-8"?>
<CONFIG>
  <ProjectOptions>
    <Version Value="12"/>
    <PathDelim Value="\"/>
    <General>
      <Flags>
        <CompatibilityMode Value="True"/>
      </Flags>
      <ResourceType Value="res"/>
      <Icon Value="0"/>
    </General>
    <i18n>
      <EnableI18N LFM="False"/>
    </i18n>
    <BuildModes Count="2" Active="Windows 64 bit">
      <Item1 Name="Windows 32 bit" Default="True"/>
      <Item2 Name="Windows 64 bit">
        <CompilerOptions>
          <Version Value="11"/>
          <PathDelim Value="\"/>
          <Target>
            <Filename Value="sffshell64"/>
          </Target>
          <SearchPaths>
            <IncludeFiles Value="$(ProjOutDir)"/>
            <UnitOutputDirectory Value="lib\$(TargetCPU)-$(TargetOS)"/>
          </SearchPaths>
          <CodeGeneration>
            <SmartLinkUnit Value="True"/>
            <TargetCPU Value="x86_64"/>
            <TargetOS Value="win64"/>
            <Optimizations>
              <OptimizationLevel Value="0"/>
            </Optimizations>
          </CodeGeneration>
          <Linking>
            <Debugging>
              <GenerateDebugInfo Value="False"/>
              <UseLineInfoUnit Value="False"/>
            </Debugging>
            <LinkSmart Value="True"/>
            <Options>
              <Win32>
                <GraphicApplication Value="True"/>
              </Win32>
            </Options>
          </Linking>
        </CompilerOptions>
      </Item2>
    </BuildModes>
    <ManyBuildModesSelection Value="&quot;Windows 32 bit&quot;,&quot;Windows 64 bit&quot;"/>
    <PublishOptions>
      <Version Value="2"/>
    </PublishOptions>
    <RunParams>
      <FormatVersion Value="2"/>
      <Modes Count="1">
        <Mode0 Name="default"/>
      </Modes>
    </RunParams>
    <RequiredPackages Count="2">
      <Item1>
        <PackageName Value="FCL"/>
        <MinVersion Major="1" Valid="True"/>
      </Item1>
      <Item2>
        <PackageName Value="LCL"/>
      </Item2>
    </RequiredPackages>
    <Units Count="2">
      <Unit0>
        <Filename Value="sffshell.lpr"/>
        <IsPartOfProject Value="True"/>
        <UsageCount Value="22"/>
      </Unit0>
      <Unit1>
        <Filename Value="sffshellcode.pas"/>
        <IsPartOfProject Value="True"/>
        <ComponentName Value="Form1"/>
        <HasResources Value="True"/>
        <ResourceBaseClass Value="Form"/>
        <IsVisibleTab Value="True"/>
        <TopLine Value="61"/>
        <CursorPos X="2" Y="113"/>
        <UsageCount Value="22"/>
        <Loaded Value="True"/>
        <LoadedDesigner Value="True"/>
      </Unit1>
    </Units>
    <JumpHistory Count="10" HistoryIndex="9">
      <Position1>
        <Filename Value="sffshellcode.pas"/>
        <Caret Line="154" Column="23" TopLine="143"/>
      </Position1>
      <Position2>
        <Filename Value="sffshellcode.pas"/>
        <Caret Line="155" Column="23" TopLine="144"/>
      </Position2>
      <Position3>
        <Filename Value="sffshellcode.pas"/>
        <Caret Line="156" Column="23" TopLine="145"/>
      </Position3>
      <Position4>
        <Filename Value="sffshellcode.pas"/>
        <Caret Line="158" Column="23" TopLine="147"/>
      </Position4>
      <Position5>
        <Filename Value="sffshellcode.pas"/>
        <Caret Line="96" Column="40" TopLine="76"/>
      </Position5>
      <Position6>
        <Filename Value="sffshellcode.pas"/>
        <Caret Line="95" Column="40" TopLine="85"/>
      </Position6>
      <Position7>
        <Filename Value="sffshellcode.pas"/>
        <Caret Line="8" Column="29"/>
      </Position7>
      <Position8>
        <Filename Value="sffshellcode.pas"/>
        <Caret Line="16" Column="30"/>
      </Position8>
      <Position9>
        <Filename Value="sffshellcode.pas"/>
        <Caret Line="171" Column="53" TopLine="160"/>
      </Position9>
      <Position10>
        <Filename Value="sffshellcode.pas"/>
        <Caret Line="176" TopLine="161"/>
      </Position10>
    </JumpHistory>
  </ProjectOptions>
  <CompilerOptions>
    <Version Value="11"/>
    <PathDelim Value="\"/>
    <Target>
      <Filename Value="sffshell"/>
    </Target>
    <SearchPaths>
      <IncludeFiles Value="$(ProjOutDir)"/>
      <UnitOutputDirectory Value="lib\$(TargetCPU)-$(TargetOS)"/>
    </SearchPaths>
    <CodeGeneration>
      <SmartLinkUnit Value="True"/>
      <TargetProcessor Value="80386"/>
      <TargetCPU Value="i386"/>
      <TargetOS Value="win32"/>
      <Optimizations>
        <OptimizationLevel Value="0"/>
      </Optimizations>
    </CodeGeneration>
    <Linking>
      <Debugging>
        <GenerateDebugInfo Value="False"/>
        <UseLineInfoUnit Value="False"/>
      </Debugging>
      <LinkSmart Value="True"/>
      <Options>
        <Win32>
          <GraphicApplication Value="True"/>
        </Win32>
      </Options>
    </Linking>
  </CompilerOptions>
  <Debugging>
    <Exceptions Count="3">
      <Item1>
        <Name Value="EAbort"/>
      </Item1>
      <Item2>
        <Name Value="ECodetoolError"/>
      </Item2>
      <Item3>
        <Name Value="EFOpenError"/>
      </Item3>
    </Exceptions>
  </Debugging>
</CONFIG>
